
Microsoft Visual Studio Solution File, Format Version 12.00
# Visual Studio Version 16
VisualStudioVersion = 16.0.29911.84
MinimumVisualStudioVersion = 10.0.40219.1
Project("{FAE04EC0-301F-11D3-BF4B-00C04F79EFBC}") = "assgn2", "assgn2\assgn2.csproj", "{2258C2C1-3881-48DB-B9E4-51B33755A5E1}"
EndProject
Project("{FAE04EC0-301F-11D3-BF4B-00C04F79EFBC}") = "assign2.bal", "assign2.bal\assign2.bal.csproj", "{81FD2A74-46E1-43A3-BA9C-9D709283A348}"
EndProject
Project("{FAE04EC0-301F-11D3-BF4B-00C04F79EFBC}") = "assign2.dal", "assign2.dal\assign2.dal.csproj", "{2BA9D489-261D-40CA-8C0B-9B443631C680}"
EndProject
Project("{FAE04EC0-301F-11D3-BF4B-00C04F79EFBC}") = "UserDTO", "UserDTO\UserDTO.csproj", "{C6959E6A-A474-4902-96DA-C866DD330A14}"
EndProject
Global
	GlobalSection(SolutionConfigurationPlatforms) = preSolution
		Debug|Any CPU = Debug|Any CPU
		Release|Any CPU = Release|Any CPU
	EndGlobalSection
	GlobalSection(ProjectConfigurationPlatforms) = postSolution
		{2258C2C1-3881-48DB-B9E4-51B33755A5E1}.Debug|Any CPU.ActiveCfg = Debug|Any CPU
		{2258C2C1-3881-48DB-B9E4-51B33755A5E1}.Debug|Any CPU.Build.0 = Debug|Any CPU
		{2258C2C1-3881-48DB-B9E4-51B33755A5E1}.Release|Any CPU.ActiveCfg = Release|Any CPU
		{2258C2C1-3881-48DB-B9E4-51B33755A5E1}.Release|Any CPU.Build.0 = Release|Any CPU
		{81FD2A74-46E1-43A3-BA9C-9D709283A348}.Debug|Any CPU.ActiveCfg = Debug|Any CPU
		{81FD2A74-46E1-43A3-BA9C-9D709283A348}.Debug|Any CPU.Build.0 = Debug|Any CPU
		{81FD2A74-46E1-43A3-BA9C-9D709283A348}.Release|Any CPU.ActiveCfg = Release|Any CPU
		{81FD2A74-46E1-43A3-BA9C-9D709283A348}.Release|Any CPU.Build.0 = Release|Any CPU
		{2BA9D489-261D-40CA-8C0B-9B443631C680}.Debug|Any CPU.ActiveCfg = Debug|Any CPU
		{2BA9D489-261D-40CA-8C0B-9B443631C680}.Debug|Any CPU.Build.0 = Debug|Any CPU
		{2BA9D489-261D-40CA-8C0B-9B443631C680}.Release|Any CPU.ActiveCfg = Release|Any CPU
		{2BA9D489-261D-40CA-8C0B-9B443631C680}.Release|Any CPU.Build.0 = Release|Any CPU
		{C6959E6A-A474-4902-96DA-C866DD330A14}.Debug|Any CPU.ActiveCfg = Debug|Any CPU
		{C6959E6A-A474-4902-96DA-C866DD330A14}.Debug|Any CPU.Build.0 = Debug|Any CPU
		{C6959E6A-A474-4902-96DA-C866DD330A14}.Release|Any CPU.ActiveCfg = Release|Any CPU
		{C6959E6A-A474-4902-96DA-C866DD330A14}.Release|Any CPU.Build.0 = Release|Any CPU
	EndGlobalSection
	GlobalSection(SolutionProperties) = preSolution
		HideSolutionNode = FALSE
	EndGlobalSection
	GlobalSection(ExtensibilityGlobals) = postSolution
		SolutionGuid = {2CB6DE37-877A-4BE3-81B5-D20D61941442}
	EndGlobalSection
EndGlobal
