
Microsoft Visual Studio Solution File, Format Version 12.00
# Visual Studio Version 16
VisualStudioVersion = 16.0.29911.84
MinimumVisualStudioVersion = 10.0.40219.1
Project("{FAE04EC0-301F-11D3-BF4B-00C04F79EFBC}") = "Assignment3", "Assignment3\Assignment3.csproj", "{26687A33-4B61-4468-81F6-71948773770C}"
EndProject
Project("{FAE04EC0-301F-11D3-BF4B-00C04F79EFBC}") = "dal", "dal\dal.csproj", "{F4009949-D375-4D8F-ADE7-9CCE46AE7F5C}"
EndProject
Project("{FAE04EC0-301F-11D3-BF4B-00C04F79EFBC}") = "bal", "bal\bal.csproj", "{8B3914DC-5B1D-4C84-B644-C008B09A45D5}"
EndProject
Global
	GlobalSection(SolutionConfigurationPlatforms) = preSolution
		Debug|Any CPU = Debug|Any CPU
		Release|Any CPU = Release|Any CPU
	EndGlobalSection
	GlobalSection(ProjectConfigurationPlatforms) = postSolution
		{26687A33-4B61-4468-81F6-71948773770C}.Debug|Any CPU.ActiveCfg = Debug|Any CPU
		{26687A33-4B61-4468-81F6-71948773770C}.Debug|Any CPU.Build.0 = Debug|Any CPU
		{26687A33-4B61-4468-81F6-71948773770C}.Release|Any CPU.ActiveCfg = Release|Any CPU
		{26687A33-4B61-4468-81F6-71948773770C}.Release|Any CPU.Build.0 = Release|Any CPU
		{F4009949-D375-4D8F-ADE7-9CCE46AE7F5C}.Debug|Any CPU.ActiveCfg = Debug|Any CPU
		{F4009949-D375-4D8F-ADE7-9CCE46AE7F5C}.Debug|Any CPU.Build.0 = Debug|Any CPU
		{F4009949-D375-4D8F-ADE7-9CCE46AE7F5C}.Release|Any CPU.ActiveCfg = Release|Any CPU
		{F4009949-D375-4D8F-ADE7-9CCE46AE7F5C}.Release|Any CPU.Build.0 = Release|Any CPU
		{8B3914DC-5B1D-4C84-B644-C008B09A45D5}.Debug|Any CPU.ActiveCfg = Debug|Any CPU
		{8B3914DC-5B1D-4C84-B644-C008B09A45D5}.Debug|Any CPU.Build.0 = Debug|Any CPU
		{8B3914DC-5B1D-4C84-B644-C008B09A45D5}.Release|Any CPU.ActiveCfg = Release|Any CPU
		{8B3914DC-5B1D-4C84-B644-C008B09A45D5}.Release|Any CPU.Build.0 = Release|Any CPU
	EndGlobalSection
	GlobalSection(SolutionProperties) = preSolution
		HideSolutionNode = FALSE
	EndGlobalSection
	GlobalSection(ExtensibilityGlobals) = postSolution
		SolutionGuid = {7BA85AE7-3EA8-492B-8116-C7B0B63145D4}
	EndGlobalSection
EndGlobal
